
Microsoft Visual Studio Solution File, Format Version 12.00
Project("{FAE04EC0-301F-11D3-BF4B-00C04F79EFBC}") = "EntityFrameworkInvertedTable", "EntityFrameworkInvertedTable.csproj", "{22FBFB8F-1204-43CE-B691-DCD16A71B674}"
EndProject
Global
	GlobalSection(SolutionConfigurationPlatforms) = preSolution
		Debug|Any CPU = Debug|Any CPU
		Release|Any CPU = Release|Any CPU
	EndGlobalSection
	GlobalSection(ProjectConfigurationPlatforms) = postSolution
		{22FBFB8F-1204-43CE-B691-DCD16A71B674}.Debug|Any CPU.ActiveCfg = Debug|Any CPU
		{22FBFB8F-1204-43CE-B691-DCD16A71B674}.Debug|Any CPU.Build.0 = Debug|Any CPU
		{22FBFB8F-1204-43CE-B691-DCD16A71B674}.Release|Any CPU.ActiveCfg = Release|Any CPU
		{22FBFB8F-1204-43CE-B691-DCD16A71B674}.Release|Any CPU.Build.0 = Release|Any CPU
	EndGlobalSection
EndGlobal
